
Microsoft Visual Studio Solution File, Format Version 12.00
# Visual Studio 15
VisualStudioVersion = 15.0.27703.1
MinimumVisualStudioVersion = 10.0.40219.1
Project("{2150E333-8FDC-42A3-9474-1A3956D46DE8}") = "src", "src", "{3573C3D3-0D2F-46C7-B023-68D5FD4A1C0E}"
EndProject
Project("{FAE04EC0-301F-11D3-BF4B-00C04F79EFBC}") = "StringConverter", "src\StringConverter\StringConverter.csproj", "{9EDB5339-0934-4463-8F1A-EACE92DEBC52}"
EndProject
Global
	GlobalSection(SolutionConfigurationPlatforms) = preSolution
		Debug|Any CPU = Debug|Any CPU
		Release|Any CPU = Release|Any CPU
	EndGlobalSection
	GlobalSection(ProjectConfigurationPlatforms) = postSolution
		{9EDB5339-0934-4463-8F1A-EACE92DEBC52}.Debug|Any CPU.ActiveCfg = Debug|Any CPU
		{9EDB5339-0934-4463-8F1A-EACE92DEBC52}.Debug|Any CPU.Build.0 = Debug|Any CPU
		{9EDB5339-0934-4463-8F1A-EACE92DEBC52}.Release|Any CPU.ActiveCfg = Release|Any CPU
		{9EDB5339-0934-4463-8F1A-EACE92DEBC52}.Release|Any CPU.Build.0 = Release|Any CPU
	EndGlobalSection
	GlobalSection(SolutionProperties) = preSolution
		HideSolutionNode = FALSE
	EndGlobalSection
	GlobalSection(NestedProjects) = preSolution
		{9EDB5339-0934-4463-8F1A-EACE92DEBC52} = {3573C3D3-0D2F-46C7-B023-68D5FD4A1C0E}
	EndGlobalSection
	GlobalSection(ExtensibilityGlobals) = postSolution
		SolutionGuid = {96C33413-A77C-4F35-92CC-94A54A2B4249}
	EndGlobalSection
EndGlobal
